# @generated - this file is auto-generated by `mise lock` https://mise.jdx.dev/dev-tools/mise-lock.html

lockfile_version = 1

[[tools."github:mstorsjo/llvm-mingw"]]
version = "20260922"
backend = "github:mstorsjo/llvm-mingw"
specifiers = ["20260922"]

[tools."github:mstorsjo/llvm-mingw".options]
asset_pattern = "llvm-mingw-20260922-ucrt-ubuntu-22.04-x86_64.tar.xz"

[tools."github:mstorsjo/llvm-mingw"."platforms.linux-x64"]
checksum = "sha256:bb7bb7654b33d5aa8712acb837c963b2e0c56352560c76105270a3268c665c21"
url = "https://github.com/mstorsjo/llvm-mingw/releases/download/20260922/llvm-mingw-20260922-ucrt-ubuntu-22.04-x86_64.tar.xz"
url_api = "https://api.github.com/repos/mstorsjo/llvm-mingw/releases/assets/581762291"

[[tools.go]]
version = "1.26.2"
backend = "core:go"
specifiers = ["1.26.2"]

[tools.go."platforms.linux-x64"]
checksum = "sha256:990e6b4bbba816dc3ee129eaeaf4b42f17c2800b88a2166c265ac1a200262282"
url = "https://dl.google.com/go/go1.26.2.linux-amd64.tar.gz"
