# @generated - this file is auto-generated by `mise lock` https://mise.jdx.dev/dev-tools/mise-lock.html

lockfile_version = 1

[[tools."aqua:jdx/hk"]]
version = "2.2.0"
backend = "aqua:jdx/hk"
specifiers = ["2.2.0"]

[tools."aqua:jdx/hk"."platforms.linux-arm64"]
checksum = "sha256:8f6f86adae8d9b40ce47815af1b7a2f43a5b02d8abda7a831c8fcb9d5619e878"
url = "https://github.com/jdx/hk/releases/download/v2.2.0/hk-aarch64-unknown-linux-gnu.tar.gz"
url_api = "https://api.github.com/repos/jdx/hk/releases/assets/587160956"

[tools."aqua:jdx/hk"."platforms.linux-arm64-musl"]
checksum = "sha256:7914940ab8ebbdfcda2a4315e9efbc419d1c65828d26be04310362649aa47162"
url = "https://github.com/jdx/hk/releases/download/v2.2.0/hk-aarch64-unknown-linux-musl.tar.gz"
url_api = "https://api.github.com/repos/jdx/hk/releases/assets/587160958"

[tools."aqua:jdx/hk"."platforms.linux-x64"]
checksum = "sha256:ffb90603d1aeb6c545ff64087372c136d46bb6d820164d63b352b1c189f40053"
url = "https://github.com/jdx/hk/releases/download/v2.2.0/hk-x86_64-unknown-linux-gnu.tar.gz"
url_api = "https://api.github.com/repos/jdx/hk/releases/assets/587160975"

[tools."aqua:jdx/hk"."platforms.linux-x64-baseline"]
checksum = "sha256:ffb90603d1aeb6c545ff64087372c136d46bb6d820164d63b352b1c189f40053"
url = "https://github.com/jdx/hk/releases/download/v2.2.0/hk-x86_64-unknown-linux-gnu.tar.gz"
url_api = "https://api.github.com/repos/jdx/hk/releases/assets/587160975"

[tools."aqua:jdx/hk"."platforms.linux-x64-musl"]
checksum = "sha256:bf359f72335b99c872d7de28ccdd51cea2e5311c9200414a2409d5bfcd06c595"
url = "https://github.com/jdx/hk/releases/download/v2.2.0/hk-x86_64-unknown-linux-musl.tar.gz"
url_api = "https://api.github.com/repos/jdx/hk/releases/assets/587160979"

[tools."aqua:jdx/hk"."platforms.linux-x64-musl-baseline"]
checksum = "sha256:bf359f72335b99c872d7de28ccdd51cea2e5311c9200414a2409d5bfcd06c595"
url = "https://github.com/jdx/hk/releases/download/v2.2.0/hk-x86_64-unknown-linux-musl.tar.gz"
url_api = "https://api.github.com/repos/jdx/hk/releases/assets/587160979"

[tools."aqua:jdx/hk"."platforms.macos-arm64"]
checksum = "sha256:82da7ae00554222568ea4115939e13fca640c2fae426ea828176b5b08ea45f68"
url = "https://github.com/jdx/hk/releases/download/v2.2.0/hk-aarch64-apple-darwin.tar.gz"
url_api = "https://api.github.com/repos/jdx/hk/releases/assets/587160957"

[tools."aqua:jdx/hk"."platforms.windows-x64"]
checksum = "sha256:f265c9cadfbb2ded37328f7248dc5879804b5e460746bab5039765ee0e23eaf2"
url = "https://github.com/jdx/hk/releases/download/v2.2.0/hk-x86_64-pc-windows-msvc.zip"
url_api = "https://api.github.com/repos/jdx/hk/releases/assets/587160954"

[tools."aqua:jdx/hk"."platforms.windows-x64-baseline"]
checksum = "sha256:f265c9cadfbb2ded37328f7248dc5879804b5e460746bab5039765ee0e23eaf2"
url = "https://github.com/jdx/hk/releases/download/v2.2.0/hk-x86_64-pc-windows-msvc.zip"
url_api = "https://api.github.com/repos/jdx/hk/releases/assets/587160954"

[[tools."aqua:koalaman/shellcheck"]]
version = "0.11.0"
backend = "aqua:koalaman/shellcheck"
specifiers = ["0.11.0"]

[tools."aqua:koalaman/shellcheck"."platforms.linux-arm64"]
checksum = "sha256:12b331c1d2db6b9eb13cfca64306b1b157a86eb69db83023e261eaa7e7c14588"
url = "https://github.com/koalaman/shellcheck/releases/download/v0.11.0/shellcheck-v0.11.0.linux.aarch64.tar.xz"
url_api = "https://api.github.com/repos/koalaman/shellcheck/releases/assets/279056934"

[tools."aqua:koalaman/shellcheck"."platforms.linux-arm64-musl"]
checksum = "sha256:12b331c1d2db6b9eb13cfca64306b1b157a86eb69db83023e261eaa7e7c14588"
url = "https://github.com/koalaman/shellcheck/releases/download/v0.11.0/shellcheck-v0.11.0.linux.aarch64.tar.xz"
url_api = "https://api.github.com/repos/koalaman/shellcheck/releases/assets/279056934"

[tools."aqua:koalaman/shellcheck"."platforms.linux-x64"]
checksum = "sha256:8c3be12b05d5c177a04c29e3c78ce89ac86f1595681cab149b65b97c4e227198"
url = "https://github.com/koalaman/shellcheck/releases/download/v0.11.0/shellcheck-v0.11.0.linux.x86_64.tar.xz"
url_api = "https://api.github.com/repos/koalaman/shellcheck/releases/assets/279056942"

[tools."aqua:koalaman/shellcheck"."platforms.linux-x64-baseline"]
checksum = "sha256:8c3be12b05d5c177a04c29e3c78ce89ac86f1595681cab149b65b97c4e227198"
url = "https://github.com/koalaman/shellcheck/releases/download/v0.11.0/shellcheck-v0.11.0.linux.x86_64.tar.xz"
url_api = "https://api.github.com/repos/koalaman/shellcheck/releases/assets/279056942"

[tools."aqua:koalaman/shellcheck"."platforms.linux-x64-musl"]
checksum = "sha256:8c3be12b05d5c177a04c29e3c78ce89ac86f1595681cab149b65b97c4e227198"
url = "https://github.com/koalaman/shellcheck/releases/download/v0.11.0/shellcheck-v0.11.0.linux.x86_64.tar.xz"
url_api = "https://api.github.com/repos/koalaman/shellcheck/releases/assets/279056942"

[tools."aqua:koalaman/shellcheck"."platforms.linux-x64-musl-baseline"]
checksum = "sha256:8c3be12b05d5c177a04c29e3c78ce89ac86f1595681cab149b65b97c4e227198"
url = "https://github.com/koalaman/shellcheck/releases/download/v0.11.0/shellcheck-v0.11.0.linux.x86_64.tar.xz"
url_api = "https://api.github.com/repos/koalaman/shellcheck/releases/assets/279056942"

[tools."aqua:koalaman/shellcheck"."platforms.macos-arm64"]
checksum = "sha256:56affdd8de5527894dca6dc3d7e0a99a873b0f004d7aabc30ae407d3f48b0a79"
url = "https://github.com/koalaman/shellcheck/releases/download/v0.11.0/shellcheck-v0.11.0.darwin.aarch64.tar.xz"
url_api = "https://api.github.com/repos/koalaman/shellcheck/releases/assets/279056932"

[tools."aqua:koalaman/shellcheck"."platforms.macos-x64"]
checksum = "sha256:3c89db4edcab7cf1c27bff178882e0f6f27f7afdf54e859fa041fca10febe4c6"
url = "https://github.com/koalaman/shellcheck/releases/download/v0.11.0/shellcheck-v0.11.0.darwin.x86_64.tar.xz"
url_api = "https://api.github.com/repos/koalaman/shellcheck/releases/assets/279056930"

[tools."aqua:koalaman/shellcheck"."platforms.macos-x64-baseline"]
checksum = "sha256:3c89db4edcab7cf1c27bff178882e0f6f27f7afdf54e859fa041fca10febe4c6"
url = "https://github.com/koalaman/shellcheck/releases/download/v0.11.0/shellcheck-v0.11.0.darwin.x86_64.tar.xz"
url_api = "https://api.github.com/repos/koalaman/shellcheck/releases/assets/279056930"

[tools."aqua:koalaman/shellcheck"."platforms.windows-x64"]
checksum = "sha256:8a4e35ab0b331c85d73567b12f2a444df187f483e5079ceffa6bda1faa2e740e"
url = "https://github.com/koalaman/shellcheck/releases/download/v0.11.0/shellcheck-v0.11.0.zip"
url_api = "https://api.github.com/repos/koalaman/shellcheck/releases/assets/279056944"

[tools."aqua:koalaman/shellcheck"."platforms.windows-x64-baseline"]
checksum = "sha256:8a4e35ab0b331c85d73567b12f2a444df187f483e5079ceffa6bda1faa2e740e"
url = "https://github.com/koalaman/shellcheck/releases/download/v0.11.0/shellcheck-v0.11.0.zip"
url_api = "https://api.github.com/repos/koalaman/shellcheck/releases/assets/279056944"

[[tools."aqua:rhysd/actionlint"]]
version = "1.7.12"
backend = "aqua:rhysd/actionlint"
specifiers = ["1.7.12"]

[tools."aqua:rhysd/actionlint"."platforms.linux-arm64"]
checksum = "sha256:325e971b6ba9bfa504672e29be93c24981eeb1c07576d730e9f7c8805afff0c6"
url = "https://github.com/rhysd/actionlint/releases/download/v1.7.12/actionlint_1.7.12_linux_arm64.tar.gz"
url_api = "https://api.github.com/repos/rhysd/actionlint/releases/assets/384924897"
provenance = "github-attestations"

[tools."aqua:rhysd/actionlint"."platforms.linux-arm64-musl"]
checksum = "sha256:325e971b6ba9bfa504672e29be93c24981eeb1c07576d730e9f7c8805afff0c6"
url = "https://github.com/rhysd/actionlint/releases/download/v1.7.12/actionlint_1.7.12_linux_arm64.tar.gz"
url_api = "https://api.github.com/repos/rhysd/actionlint/releases/assets/384924897"
provenance = "github-attestations"

[tools."aqua:rhysd/actionlint"."platforms.linux-x64"]
checksum = "sha256:8aca8db96f1b94770f1b0d72b6dddcb1ebb8123cb3712530b08cc387b349a3d8"
url = "https://github.com/rhysd/actionlint/releases/download/v1.7.12/actionlint_1.7.12_linux_amd64.tar.gz"
url_api = "https://api.github.com/repos/rhysd/actionlint/releases/assets/384924896"
provenance = "github-attestations"

[tools."aqua:rhysd/actionlint"."platforms.linux-x64-baseline"]
checksum = "sha256:8aca8db96f1b94770f1b0d72b6dddcb1ebb8123cb3712530b08cc387b349a3d8"
url = "https://github.com/rhysd/actionlint/releases/download/v1.7.12/actionlint_1.7.12_linux_amd64.tar.gz"
url_api = "https://api.github.com/repos/rhysd/actionlint/releases/assets/384924896"
provenance = "github-attestations"

[tools."aqua:rhysd/actionlint"."platforms.linux-x64-musl"]
checksum = "sha256:8aca8db96f1b94770f1b0d72b6dddcb1ebb8123cb3712530b08cc387b349a3d8"
url = "https://github.com/rhysd/actionlint/releases/download/v1.7.12/actionlint_1.7.12_linux_amd64.tar.gz"
url_api = "https://api.github.com/repos/rhysd/actionlint/releases/assets/384924896"
provenance = "github-attestations"

[tools."aqua:rhysd/actionlint"."platforms.linux-x64-musl-baseline"]
checksum = "sha256:8aca8db96f1b94770f1b0d72b6dddcb1ebb8123cb3712530b08cc387b349a3d8"
url = "https://github.com/rhysd/actionlint/releases/download/v1.7.12/actionlint_1.7.12_linux_amd64.tar.gz"
url_api = "https://api.github.com/repos/rhysd/actionlint/releases/assets/384924896"
provenance = "github-attestations"

[tools."aqua:rhysd/actionlint"."platforms.macos-arm64"]
checksum = "sha256:aba9ced2dee8d27fecca3dc7feb1a7f9a52caefa1eb46f3271ea66b6e0e6953f"
url = "https://github.com/rhysd/actionlint/releases/download/v1.7.12/actionlint_1.7.12_darwin_arm64.tar.gz"
url_api = "https://api.github.com/repos/rhysd/actionlint/releases/assets/384924893"
provenance = "github-attestations"

[tools."aqua:rhysd/actionlint"."platforms.macos-x64"]
checksum = "sha256:5b44c3bc2255115c9b69e30efc0fecdf498fdb63c5d58e17084fd5f16324c644"
url = "https://github.com/rhysd/actionlint/releases/download/v1.7.12/actionlint_1.7.12_darwin_amd64.tar.gz"
url_api = "https://api.github.com/repos/rhysd/actionlint/releases/assets/384924880"
provenance = "github-attestations"

[tools."aqua:rhysd/actionlint"."platforms.macos-x64-baseline"]
checksum = "sha256:5b44c3bc2255115c9b69e30efc0fecdf498fdb63c5d58e17084fd5f16324c644"
url = "https://github.com/rhysd/actionlint/releases/download/v1.7.12/actionlint_1.7.12_darwin_amd64.tar.gz"
url_api = "https://api.github.com/repos/rhysd/actionlint/releases/assets/384924880"
provenance = "github-attestations"

[tools."aqua:rhysd/actionlint"."platforms.windows-x64"]
checksum = "sha256:6e7241b51e6817ea6a047693d8e6fed13b31819c9a0dd6c5a726e1592d22f6e9"
url = "https://github.com/rhysd/actionlint/releases/download/v1.7.12/actionlint_1.7.12_windows_amd64.zip"
url_api = "https://api.github.com/repos/rhysd/actionlint/releases/assets/384924919"
provenance = "github-attestations"

[tools."aqua:rhysd/actionlint"."platforms.windows-x64-baseline"]
checksum = "sha256:6e7241b51e6817ea6a047693d8e6fed13b31819c9a0dd6c5a726e1592d22f6e9"
url = "https://github.com/rhysd/actionlint/releases/download/v1.7.12/actionlint_1.7.12_windows_amd64.zip"
url_api = "https://api.github.com/repos/rhysd/actionlint/releases/assets/384924919"
provenance = "github-attestations"

[[tools."aqua:tamasfe/taplo"]]
version = "0.10.0"
backend = "aqua:tamasfe/taplo"
specifiers = ["0.10.0"]

[tools."aqua:tamasfe/taplo"."platforms.linux-arm64"]
url = "https://github.com/tamasfe/taplo/releases/download/0.10.0/taplo-linux-aarch64.gz"
url_api = "https://api.github.com/repos/tamasfe/taplo/releases/assets/257322597"

[tools."aqua:tamasfe/taplo"."platforms.linux-arm64-musl"]
url = "https://github.com/tamasfe/taplo/releases/download/0.10.0/taplo-linux-aarch64.gz"
url_api = "https://api.github.com/repos/tamasfe/taplo/releases/assets/257322597"

[tools."aqua:tamasfe/taplo"."platforms.linux-x64"]
url = "https://github.com/tamasfe/taplo/releases/download/0.10.0/taplo-linux-x86_64.gz"
url_api = "https://api.github.com/repos/tamasfe/taplo/releases/assets/257322600"

[tools."aqua:tamasfe/taplo"."platforms.linux-x64-baseline"]
url = "https://github.com/tamasfe/taplo/releases/download/0.10.0/taplo-linux-x86_64.gz"
url_api = "https://api.github.com/repos/tamasfe/taplo/releases/assets/257322600"

[tools."aqua:tamasfe/taplo"."platforms.linux-x64-musl"]
url = "https://github.com/tamasfe/taplo/releases/download/0.10.0/taplo-linux-x86_64.gz"
url_api = "https://api.github.com/repos/tamasfe/taplo/releases/assets/257322600"

[tools."aqua:tamasfe/taplo"."platforms.linux-x64-musl-baseline"]
url = "https://github.com/tamasfe/taplo/releases/download/0.10.0/taplo-linux-x86_64.gz"
url_api = "https://api.github.com/repos/tamasfe/taplo/releases/assets/257322600"

[tools."aqua:tamasfe/taplo"."platforms.macos-arm64"]
url = "https://github.com/tamasfe/taplo/releases/download/0.10.0/taplo-darwin-aarch64.gz"
url_api = "https://api.github.com/repos/tamasfe/taplo/releases/assets/257323110"

[tools."aqua:tamasfe/taplo"."platforms.macos-x64"]
url = "https://github.com/tamasfe/taplo/releases/download/0.10.0/taplo-darwin-x86_64.gz"
url_api = "https://api.github.com/repos/tamasfe/taplo/releases/assets/257323116"

[tools."aqua:tamasfe/taplo"."platforms.macos-x64-baseline"]
url = "https://github.com/tamasfe/taplo/releases/download/0.10.0/taplo-darwin-x86_64.gz"
url_api = "https://api.github.com/repos/tamasfe/taplo/releases/assets/257323116"

[tools."aqua:tamasfe/taplo"."platforms.windows-x64"]
url = "https://github.com/tamasfe/taplo/releases/download/0.10.0/taplo-windows-x86_64.zip"
url_api = "https://api.github.com/repos/tamasfe/taplo/releases/assets/257323062"

[tools."aqua:tamasfe/taplo"."platforms.windows-x64-baseline"]
url = "https://github.com/tamasfe/taplo/releases/download/0.10.0/taplo-windows-x86_64.zip"
url_api = "https://api.github.com/repos/tamasfe/taplo/releases/assets/257323062"

[[tools."cargo:cargo-llvm-cov"]]
version = "0.9.1"
backend = "cargo:cargo-llvm-cov"
specifiers = ["0.9.1"]

[[tools."github:aligned-team/cospec"]]
version = "0.7.1"
backend = "github:aligned-team/cospec"
specifiers = ["0.7.1"]

[tools."github:aligned-team/cospec"."platforms.linux-arm64"]
checksum = "sha256:613a5267de54ec86dab997a5e0efeed6c9504554fa052cc70becb3531ac697f7"
url = "https://github.com/aligned-team/cospec/releases/download/v0.7.1/cospec-0.7.1-linux-arm64.tar.gz"
url_api = "https://api.github.com/repos/aligned-team/cospec/releases/assets/555504549"
provenance = "github-attestations"
provenance_verified = true

[tools."github:aligned-team/cospec"."platforms.linux-arm64-musl"]
checksum = "sha256:62a49c3ca1308f8ef32dfc21646a1a97ffb00961f58775fafd66420179d9d4e3"
url = "https://github.com/aligned-team/cospec/releases/download/v0.7.1/cospec-0.7.1-linux-arm64-musl.tar.gz"
url_api = "https://api.github.com/repos/aligned-team/cospec/releases/assets/555504550"
provenance = "github-attestations"

[tools."github:aligned-team/cospec"."platforms.linux-x64"]
checksum = "sha256:8cc3f1747147f2e88d3ce89fc773f2e6d505e9382daef1c60bd8404d099ca8d0"
url = "https://github.com/aligned-team/cospec/releases/download/v0.7.1/cospec-0.7.1-linux-x64.tar.gz"
url_api = "https://api.github.com/repos/aligned-team/cospec/releases/assets/555504548"
provenance = "github-attestations"
provenance_verified = true

[tools."github:aligned-team/cospec"."platforms.linux-x64-baseline"]
checksum = "sha256:8cc3f1747147f2e88d3ce89fc773f2e6d505e9382daef1c60bd8404d099ca8d0"
url = "https://github.com/aligned-team/cospec/releases/download/v0.7.1/cospec-0.7.1-linux-x64.tar.gz"
url_api = "https://api.github.com/repos/aligned-team/cospec/releases/assets/555504548"
provenance = "github-attestations"

[tools."github:aligned-team/cospec"."platforms.linux-x64-musl"]
checksum = "sha256:5da54ddeccbe0198deea3ff3cd553ba1b22ba1535afe872aa87668cd31654914"
url = "https://github.com/aligned-team/cospec/releases/download/v0.7.1/cospec-0.7.1-linux-x64-musl.tar.gz"
url_api = "https://api.github.com/repos/aligned-team/cospec/releases/assets/555504553"
provenance = "github-attestations"

[tools."github:aligned-team/cospec"."platforms.linux-x64-musl-baseline"]
checksum = "sha256:5da54ddeccbe0198deea3ff3cd553ba1b22ba1535afe872aa87668cd31654914"
url = "https://github.com/aligned-team/cospec/releases/download/v0.7.1/cospec-0.7.1-linux-x64-musl.tar.gz"
url_api = "https://api.github.com/repos/aligned-team/cospec/releases/assets/555504553"
provenance = "github-attestations"

[tools."github:aligned-team/cospec"."platforms.macos-arm64"]
checksum = "sha256:2c94f407215a25d8c68408226fc0c11a158f984f9808e2a6316f4f8bacdee1af"
url = "https://github.com/aligned-team/cospec/releases/download/v0.7.1/cospec-0.7.1-macos-arm64.tar.gz"
url_api = "https://api.github.com/repos/aligned-team/cospec/releases/assets/555504552"
provenance = "github-attestations"
provenance_verified = true

[tools."github:aligned-team/cospec"."platforms.macos-x64"]
checksum = "sha256:563079b5baaaf6d458d6f7dbda97f28e776e1afad6e43b6880607d8ac68e5a1b"
url = "https://github.com/aligned-team/cospec/releases/download/v0.7.1/cospec-0.7.1-macos-x64.tar.gz"
url_api = "https://api.github.com/repos/aligned-team/cospec/releases/assets/555504590"
provenance = "github-attestations"
provenance_verified = true

[tools."github:aligned-team/cospec"."platforms.macos-x64-baseline"]
checksum = "sha256:563079b5baaaf6d458d6f7dbda97f28e776e1afad6e43b6880607d8ac68e5a1b"
url = "https://github.com/aligned-team/cospec/releases/download/v0.7.1/cospec-0.7.1-macos-x64.tar.gz"
url_api = "https://api.github.com/repos/aligned-team/cospec/releases/assets/555504590"
provenance = "github-attestations"

[tools."github:aligned-team/cospec"."platforms.windows-x64"]
checksum = "sha256:823a74cc156c5c40efeb87d2a0df6eb1980013ad1bc50fd0c3661f2a2108be02"
url = "https://github.com/aligned-team/cospec/releases/download/v0.7.1/cospec-0.7.1-windows-x64.zip"
url_api = "https://api.github.com/repos/aligned-team/cospec/releases/assets/555504596"
provenance = "github-attestations"
provenance_verified = true

[tools."github:aligned-team/cospec"."platforms.windows-x64-baseline"]
checksum = "sha256:823a74cc156c5c40efeb87d2a0df6eb1980013ad1bc50fd0c3661f2a2108be02"
url = "https://github.com/aligned-team/cospec/releases/download/v0.7.1/cospec-0.7.1-windows-x64.zip"
url_api = "https://api.github.com/repos/aligned-team/cospec/releases/assets/555504596"
provenance = "github-attestations"

[[tools.mr-boxington]]
version = "1.17.0"
backend = "packslip:github.com/jdx/mr-boxington"
specifiers = ["1.17.0"]

[tools.mr-boxington."platforms.linux-arm64"]
checksum = "sha256:4dbe8a1af312d56b666847593192e50321ac25d3e06487086c237e3546ed252e"
url = "https://github.com/jdx/mr-boxington/releases/download/v1.17.0/mbx-aarch64-unknown-linux-gnu.tar.gz"
signer = "sigstore-oidc:https://github.com/jdx/mr-boxington/.github/workflows/release.yml"

[tools.mr-boxington."platforms.linux-arm64-musl"]
checksum = "sha256:47e982e493201bd1c171b20f6e67121c45af0542ae882a79be2f4596a73967ca"
url = "https://github.com/jdx/mr-boxington/releases/download/v1.17.0/mbx-aarch64-unknown-linux-musl.tar.gz"
signer = "sigstore-oidc:https://github.com/jdx/mr-boxington/.github/workflows/release.yml"

[tools.mr-boxington."platforms.linux-x64"]
checksum = "sha256:7d6ffbae31b2943da86fde419270889d822f56f04ec15ed7bdb637a35f73f407"
url = "https://github.com/jdx/mr-boxington/releases/download/v1.17.0/mbx-x86_64-unknown-linux-gnu.tar.gz"
signer = "sigstore-oidc:https://github.com/jdx/mr-boxington/.github/workflows/release.yml"

[tools.mr-boxington."platforms.linux-x64-baseline"]
checksum = "sha256:7d6ffbae31b2943da86fde419270889d822f56f04ec15ed7bdb637a35f73f407"
url = "https://github.com/jdx/mr-boxington/releases/download/v1.17.0/mbx-x86_64-unknown-linux-gnu.tar.gz"
signer = "sigstore-oidc:https://github.com/jdx/mr-boxington/.github/workflows/release.yml"

[tools.mr-boxington."platforms.linux-x64-musl"]
checksum = "sha256:bfa8b9c2104562cbfb845529eb0b12873f866530880286643031757c1d889aa8"
url = "https://github.com/jdx/mr-boxington/releases/download/v1.17.0/mbx-x86_64-unknown-linux-musl.tar.gz"
signer = "sigstore-oidc:https://github.com/jdx/mr-boxington/.github/workflows/release.yml"

[tools.mr-boxington."platforms.linux-x64-musl-baseline"]
checksum = "sha256:bfa8b9c2104562cbfb845529eb0b12873f866530880286643031757c1d889aa8"
url = "https://github.com/jdx/mr-boxington/releases/download/v1.17.0/mbx-x86_64-unknown-linux-musl.tar.gz"
signer = "sigstore-oidc:https://github.com/jdx/mr-boxington/.github/workflows/release.yml"

[tools.mr-boxington."platforms.macos-arm64"]
checksum = "sha256:821d3efa1d0f496141e5041f65b90fa8551b9466d0b8cfc37fe92eb99c36fef3"
url = "https://github.com/jdx/mr-boxington/releases/download/v1.17.0/mbx-aarch64-apple-darwin.tar.gz"
signer = "sigstore-oidc:https://github.com/jdx/mr-boxington/.github/workflows/release.yml"

[tools.mr-boxington."platforms.windows-x64"]
checksum = "sha256:1e449e748f8d8f8237799e692f22ae46fefd5a97c468e6e6af13aa8b363efc99"
url = "https://github.com/jdx/mr-boxington/releases/download/v1.17.0/mbx-x86_64-pc-windows-msvc.zip"
signer = "sigstore-oidc:https://github.com/jdx/mr-boxington/.github/workflows/release.yml"

[tools.mr-boxington."platforms.windows-x64-baseline"]
checksum = "sha256:1e449e748f8d8f8237799e692f22ae46fefd5a97c468e6e6af13aa8b363efc99"
url = "https://github.com/jdx/mr-boxington/releases/download/v1.17.0/mbx-x86_64-pc-windows-msvc.zip"
signer = "sigstore-oidc:https://github.com/jdx/mr-boxington/.github/workflows/release.yml"

[[tools.rust]]
version = "1.98.1"
backend = "core:rust"
specifiers = ["1.98.1"]
