# @generated - this file is auto-generated by `mise lock` https://mise.jdx.dev/dev-tools/mise-lock.html

lockfile_version = 1

[[tools."aqua:jdx/hk"]]
version = "2.2.0"
backend = "aqua:jdx/hk"
specifiers = ["2.2.0"]

[tools."aqua:jdx/hk"."platforms.linux-arm64"]
checksum = "sha256:8f6f86adae8d9b40ce47815af1b7a2f43a5b02d8abda7a831c8fcb9d5619e878"
url = "https://github.com/jdx/hk/releases/download/v2.2.0/hk-aarch64-unknown-linux-gnu.tar.gz"
url_api = "https://api.github.com/repos/jdx/hk/releases/assets/587160956"

[tools."aqua:jdx/hk"."platforms.linux-arm64-musl"]
checksum = "sha256:7914940ab8ebbdfcda2a4315e9efbc419d1c65828d26be04310362649aa47162"
url = "https://github.com/jdx/hk/releases/download/v2.2.0/hk-aarch64-unknown-linux-musl.tar.gz"
url_api = "https://api.github.com/repos/jdx/hk/releases/assets/587160958"

[tools."aqua:jdx/hk"."platforms.linux-x64"]
checksum = "sha256:ffb90603d1aeb6c545ff64087372c136d46bb6d820164d63b352b1c189f40053"
url = "https://github.com/jdx/hk/releases/download/v2.2.0/hk-x86_64-unknown-linux-gnu.tar.gz"
url_api = "https://api.github.com/repos/jdx/hk/releases/assets/587160975"

[tools."aqua:jdx/hk"."platforms.linux-x64-baseline"]
checksum = "sha256:ffb90603d1aeb6c545ff64087372c136d46bb6d820164d63b352b1c189f40053"
url = "https://github.com/jdx/hk/releases/download/v2.2.0/hk-x86_64-unknown-linux-gnu.tar.gz"
url_api = "https://api.github.com/repos/jdx/hk/releases/assets/587160975"

[tools."aqua:jdx/hk"."platforms.linux-x64-musl"]
checksum = "sha256:bf359f72335b99c872d7de28ccdd51cea2e5311c9200414a2409d5bfcd06c595"
url = "https://github.com/jdx/hk/releases/download/v2.2.0/hk-x86_64-unknown-linux-musl.tar.gz"
url_api = "https://api.github.com/repos/jdx/hk/releases/assets/587160979"

[tools."aqua:jdx/hk"."platforms.linux-x64-musl-baseline"]
checksum = "sha256:bf359f72335b99c872d7de28ccdd51cea2e5311c9200414a2409d5bfcd06c595"
url = "https://github.com/jdx/hk/releases/download/v2.2.0/hk-x86_64-unknown-linux-musl.tar.gz"
url_api = "https://api.github.com/repos/jdx/hk/releases/assets/587160979"

[tools."aqua:jdx/hk"."platforms.macos-arm64"]
checksum = "sha256:82da7ae00554222568ea4115939e13fca640c2fae426ea828176b5b08ea45f68"
url = "https://github.com/jdx/hk/releases/download/v2.2.0/hk-aarch64-apple-darwin.tar.gz"
url_api = "https://api.github.com/repos/jdx/hk/releases/assets/587160957"

[tools."aqua:jdx/hk"."platforms.windows-arm64"]
checksum = "sha256:63d4f0263f18aff2099c14bb63b3c4398b044becab35fc8ca1f9b9d24f4777ed"
url = "https://github.com/jdx/hk/releases/download/v2.2.0/hk-aarch64-pc-windows-msvc.zip"
url_api = "https://api.github.com/repos/jdx/hk/releases/assets/587160955"

[tools."aqua:jdx/hk"."platforms.windows-x64"]
checksum = "sha256:f265c9cadfbb2ded37328f7248dc5879804b5e460746bab5039765ee0e23eaf2"
url = "https://github.com/jdx/hk/releases/download/v2.2.0/hk-x86_64-pc-windows-msvc.zip"
url_api = "https://api.github.com/repos/jdx/hk/releases/assets/587160954"

[tools."aqua:jdx/hk"."platforms.windows-x64-baseline"]
checksum = "sha256:f265c9cadfbb2ded37328f7248dc5879804b5e460746bab5039765ee0e23eaf2"
url = "https://github.com/jdx/hk/releases/download/v2.2.0/hk-x86_64-pc-windows-msvc.zip"
url_api = "https://api.github.com/repos/jdx/hk/releases/assets/587160954"

[[tools."aqua:koalaman/shellcheck"]]
version = "0.11.0"
backend = "aqua:koalaman/shellcheck"
specifiers = ["0.11.0"]

[tools."aqua:koalaman/shellcheck"."platforms.linux-arm64"]
checksum = "sha256:12b331c1d2db6b9eb13cfca64306b1b157a86eb69db83023e261eaa7e7c14588"
url = "https://github.com/koalaman/shellcheck/releases/download/v0.11.0/shellcheck-v0.11.0.linux.aarch64.tar.xz"
url_api = "https://api.github.com/repos/koalaman/shellcheck/releases/assets/279056934"

[tools."aqua:koalaman/shellcheck"."platforms.linux-arm64-musl"]
checksum = "sha256:12b331c1d2db6b9eb13cfca64306b1b157a86eb69db83023e261eaa7e7c14588"
url = "https://github.com/koalaman/shellcheck/releases/download/v0.11.0/shellcheck-v0.11.0.linux.aarch64.tar.xz"
url_api = "https://api.github.com/repos/koalaman/shellcheck/releases/assets/279056934"

[tools."aqua:koalaman/shellcheck"."platforms.linux-x64"]
checksum = "sha256:8c3be12b05d5c177a04c29e3c78ce89ac86f1595681cab149b65b97c4e227198"
url = "https://github.com/koalaman/shellcheck/releases/download/v0.11.0/shellcheck-v0.11.0.linux.x86_64.tar.xz"
url_api = "https://api.github.com/repos/koalaman/shellcheck/releases/assets/279056942"

[tools."aqua:koalaman/shellcheck"."platforms.linux-x64-baseline"]
checksum = "sha256:8c3be12b05d5c177a04c29e3c78ce89ac86f1595681cab149b65b97c4e227198"
url = "https://github.com/koalaman/shellcheck/releases/download/v0.11.0/shellcheck-v0.11.0.linux.x86_64.tar.xz"
url_api = "https://api.github.com/repos/koalaman/shellcheck/releases/assets/279056942"

[tools."aqua:koalaman/shellcheck"."platforms.linux-x64-musl"]
checksum = "sha256:8c3be12b05d5c177a04c29e3c78ce89ac86f1595681cab149b65b97c4e227198"
url = "https://github.com/koalaman/shellcheck/releases/download/v0.11.0/shellcheck-v0.11.0.linux.x86_64.tar.xz"
url_api = "https://api.github.com/repos/koalaman/shellcheck/releases/assets/279056942"

[tools."aqua:koalaman/shellcheck"."platforms.linux-x64-musl-baseline"]
checksum = "sha256:8c3be12b05d5c177a04c29e3c78ce89ac86f1595681cab149b65b97c4e227198"
url = "https://github.com/koalaman/shellcheck/releases/download/v0.11.0/shellcheck-v0.11.0.linux.x86_64.tar.xz"
url_api = "https://api.github.com/repos/koalaman/shellcheck/releases/assets/279056942"

[tools."aqua:koalaman/shellcheck"."platforms.macos-arm64"]
checksum = "sha256:56affdd8de5527894dca6dc3d7e0a99a873b0f004d7aabc30ae407d3f48b0a79"
url = "https://github.com/koalaman/shellcheck/releases/download/v0.11.0/shellcheck-v0.11.0.darwin.aarch64.tar.xz"
url_api = "https://api.github.com/repos/koalaman/shellcheck/releases/assets/279056932"

[tools."aqua:koalaman/shellcheck"."platforms.windows-arm64"]
checksum = "sha256:8a4e35ab0b331c85d73567b12f2a444df187f483e5079ceffa6bda1faa2e740e"
url = "https://github.com/koalaman/shellcheck/releases/download/v0.11.0/shellcheck-v0.11.0.zip"
url_api = "https://api.github.com/repos/koalaman/shellcheck/releases/assets/279056944"

[tools."aqua:koalaman/shellcheck"."platforms.windows-x64"]
checksum = "sha256:8a4e35ab0b331c85d73567b12f2a444df187f483e5079ceffa6bda1faa2e740e"
url = "https://github.com/koalaman/shellcheck/releases/download/v0.11.0/shellcheck-v0.11.0.zip"
url_api = "https://api.github.com/repos/koalaman/shellcheck/releases/assets/279056944"

[tools."aqua:koalaman/shellcheck"."platforms.windows-x64-baseline"]
checksum = "sha256:8a4e35ab0b331c85d73567b12f2a444df187f483e5079ceffa6bda1faa2e740e"
url = "https://github.com/koalaman/shellcheck/releases/download/v0.11.0/shellcheck-v0.11.0.zip"
url_api = "https://api.github.com/repos/koalaman/shellcheck/releases/assets/279056944"

[[tools."aqua:rhysd/actionlint"]]
version = "1.7.12"
backend = "aqua:rhysd/actionlint"
specifiers = ["1.7.12"]

[tools."aqua:rhysd/actionlint"."platforms.linux-arm64"]
checksum = "sha256:325e971b6ba9bfa504672e29be93c24981eeb1c07576d730e9f7c8805afff0c6"
url = "https://github.com/rhysd/actionlint/releases/download/v1.7.12/actionlint_1.7.12_linux_arm64.tar.gz"
url_api = "https://api.github.com/repos/rhysd/actionlint/releases/assets/384924897"
provenance = "github-attestations"

[tools."aqua:rhysd/actionlint"."platforms.linux-arm64-musl"]
checksum = "sha256:325e971b6ba9bfa504672e29be93c24981eeb1c07576d730e9f7c8805afff0c6"
url = "https://github.com/rhysd/actionlint/releases/download/v1.7.12/actionlint_1.7.12_linux_arm64.tar.gz"
url_api = "https://api.github.com/repos/rhysd/actionlint/releases/assets/384924897"
provenance = "github-attestations"

[tools."aqua:rhysd/actionlint"."platforms.linux-x64"]
checksum = "sha256:8aca8db96f1b94770f1b0d72b6dddcb1ebb8123cb3712530b08cc387b349a3d8"
url = "https://github.com/rhysd/actionlint/releases/download/v1.7.12/actionlint_1.7.12_linux_amd64.tar.gz"
url_api = "https://api.github.com/repos/rhysd/actionlint/releases/assets/384924896"
provenance = "github-attestations"

[tools."aqua:rhysd/actionlint"."platforms.linux-x64-baseline"]
checksum = "sha256:8aca8db96f1b94770f1b0d72b6dddcb1ebb8123cb3712530b08cc387b349a3d8"
url = "https://github.com/rhysd/actionlint/releases/download/v1.7.12/actionlint_1.7.12_linux_amd64.tar.gz"
url_api = "https://api.github.com/repos/rhysd/actionlint/releases/assets/384924896"
provenance = "github-attestations"

[tools."aqua:rhysd/actionlint"."platforms.linux-x64-musl"]
checksum = "sha256:8aca8db96f1b94770f1b0d72b6dddcb1ebb8123cb3712530b08cc387b349a3d8"
url = "https://github.com/rhysd/actionlint/releases/download/v1.7.12/actionlint_1.7.12_linux_amd64.tar.gz"
url_api = "https://api.github.com/repos/rhysd/actionlint/releases/assets/384924896"
provenance = "github-attestations"

[tools."aqua:rhysd/actionlint"."platforms.linux-x64-musl-baseline"]
checksum = "sha256:8aca8db96f1b94770f1b0d72b6dddcb1ebb8123cb3712530b08cc387b349a3d8"
url = "https://github.com/rhysd/actionlint/releases/download/v1.7.12/actionlint_1.7.12_linux_amd64.tar.gz"
url_api = "https://api.github.com/repos/rhysd/actionlint/releases/assets/384924896"
provenance = "github-attestations"

[tools."aqua:rhysd/actionlint"."platforms.macos-arm64"]
checksum = "sha256:aba9ced2dee8d27fecca3dc7feb1a7f9a52caefa1eb46f3271ea66b6e0e6953f"
url = "https://github.com/rhysd/actionlint/releases/download/v1.7.12/actionlint_1.7.12_darwin_arm64.tar.gz"
url_api = "https://api.github.com/repos/rhysd/actionlint/releases/assets/384924893"
provenance = "github-attestations"

[tools."aqua:rhysd/actionlint"."platforms.windows-arm64"]
checksum = "sha256:cadcf7ea4efe3a68728893813643cebe1185e5b1d4be5b96245f65c9a4d5ea41"
url = "https://github.com/rhysd/actionlint/releases/download/v1.7.12/actionlint_1.7.12_windows_arm64.zip"
url_api = "https://api.github.com/repos/rhysd/actionlint/releases/assets/384924915"
provenance = "github-attestations"

[tools."aqua:rhysd/actionlint"."platforms.windows-x64"]
checksum = "sha256:6e7241b51e6817ea6a047693d8e6fed13b31819c9a0dd6c5a726e1592d22f6e9"
url = "https://github.com/rhysd/actionlint/releases/download/v1.7.12/actionlint_1.7.12_windows_amd64.zip"
url_api = "https://api.github.com/repos/rhysd/actionlint/releases/assets/384924919"
provenance = "github-attestations"

[tools."aqua:rhysd/actionlint"."platforms.windows-x64-baseline"]
checksum = "sha256:6e7241b51e6817ea6a047693d8e6fed13b31819c9a0dd6c5a726e1592d22f6e9"
url = "https://github.com/rhysd/actionlint/releases/download/v1.7.12/actionlint_1.7.12_windows_amd64.zip"
url_api = "https://api.github.com/repos/rhysd/actionlint/releases/assets/384924919"
provenance = "github-attestations"

[[tools."aqua:taiki-e/cargo-llvm-cov"]]
version = "0.9.1"
backend = "aqua:taiki-e/cargo-llvm-cov"
specifiers = ["0.9.1"]

[tools."aqua:taiki-e/cargo-llvm-cov"."platforms.linux-arm64"]
checksum = "sha256:abf5f13c1520f8756d2192bfaaeadb0208f5b7eaa8cadc15bf847befa42b7360"
url = "https://github.com/taiki-e/cargo-llvm-cov/releases/download/v0.9.1/cargo-llvm-cov-aarch64-unknown-linux-gnu.tar.gz"
url_api = "https://api.github.com/repos/taiki-e/cargo-llvm-cov/releases/assets/547403281"
provenance = "github-attestations"

[tools."aqua:taiki-e/cargo-llvm-cov"."platforms.linux-arm64-musl"]
checksum = "sha256:49c0085628392a8d727c4464d91ec417c613c5015f5197cd16d5c05aa3fb5ad1"
url = "https://github.com/taiki-e/cargo-llvm-cov/releases/download/v0.9.1/cargo-llvm-cov-aarch64-unknown-linux-musl.tar.gz"
url_api = "https://api.github.com/repos/taiki-e/cargo-llvm-cov/releases/assets/547403283"
provenance = "github-attestations"

[tools."aqua:taiki-e/cargo-llvm-cov"."platforms.linux-x64"]
checksum = "sha256:b3f68e625481fed9b16444174f3fa5ebcdbde4a1878803a35eabe2dcefcdc41a"
url = "https://github.com/taiki-e/cargo-llvm-cov/releases/download/v0.9.1/cargo-llvm-cov-x86_64-unknown-linux-gnu.tar.gz"
url_api = "https://api.github.com/repos/taiki-e/cargo-llvm-cov/releases/assets/547403171"
provenance = "github-attestations"

[tools."aqua:taiki-e/cargo-llvm-cov"."platforms.linux-x64-baseline"]
checksum = "sha256:b3f68e625481fed9b16444174f3fa5ebcdbde4a1878803a35eabe2dcefcdc41a"
url = "https://github.com/taiki-e/cargo-llvm-cov/releases/download/v0.9.1/cargo-llvm-cov-x86_64-unknown-linux-gnu.tar.gz"
url_api = "https://api.github.com/repos/taiki-e/cargo-llvm-cov/releases/assets/547403171"
provenance = "github-attestations"

[tools."aqua:taiki-e/cargo-llvm-cov"."platforms.linux-x64-musl"]
checksum = "sha256:3fca950394a3c49457657c158b1619cec8dfd2647ae5b48746734c0ab969a522"
url = "https://github.com/taiki-e/cargo-llvm-cov/releases/download/v0.9.1/cargo-llvm-cov-x86_64-unknown-linux-musl.tar.gz"
url_api = "https://api.github.com/repos/taiki-e/cargo-llvm-cov/releases/assets/547403186"
provenance = "github-attestations"

[tools."aqua:taiki-e/cargo-llvm-cov"."platforms.linux-x64-musl-baseline"]
checksum = "sha256:3fca950394a3c49457657c158b1619cec8dfd2647ae5b48746734c0ab969a522"
url = "https://github.com/taiki-e/cargo-llvm-cov/releases/download/v0.9.1/cargo-llvm-cov-x86_64-unknown-linux-musl.tar.gz"
url_api = "https://api.github.com/repos/taiki-e/cargo-llvm-cov/releases/assets/547403186"
provenance = "github-attestations"

[tools."aqua:taiki-e/cargo-llvm-cov"."platforms.macos-arm64"]
checksum = "sha256:7e821a6c90c0884f79f759f5d9be50799ade67bb82515186d922f26032ef43b8"
url = "https://github.com/taiki-e/cargo-llvm-cov/releases/download/v0.9.1/cargo-llvm-cov-aarch64-apple-darwin.tar.gz"
url_api = "https://api.github.com/repos/taiki-e/cargo-llvm-cov/releases/assets/547403359"
provenance = "github-attestations"

[tools."aqua:taiki-e/cargo-llvm-cov"."platforms.macos-x64"]
checksum = "sha256:ddf949b82a63017441ea76aa068bdd7e2dde8055f47cd3ef736fdbbd633bc33e"
url = "https://github.com/taiki-e/cargo-llvm-cov/releases/download/v0.9.1/cargo-llvm-cov-x86_64-apple-darwin.tar.gz"
url_api = "https://api.github.com/repos/taiki-e/cargo-llvm-cov/releases/assets/547403156"
provenance = "github-attestations"

[tools."aqua:taiki-e/cargo-llvm-cov"."platforms.macos-x64-baseline"]
checksum = "sha256:ddf949b82a63017441ea76aa068bdd7e2dde8055f47cd3ef736fdbbd633bc33e"
url = "https://github.com/taiki-e/cargo-llvm-cov/releases/download/v0.9.1/cargo-llvm-cov-x86_64-apple-darwin.tar.gz"
url_api = "https://api.github.com/repos/taiki-e/cargo-llvm-cov/releases/assets/547403156"
provenance = "github-attestations"

[tools."aqua:taiki-e/cargo-llvm-cov"."platforms.windows-x64"]
checksum = "sha256:15eefd5b90fcdd4006b727c6e710d70a61aff509fcd7bb37f9c2a35c4f024948"
url = "https://github.com/taiki-e/cargo-llvm-cov/releases/download/v0.9.1/cargo-llvm-cov-x86_64-pc-windows-msvc.tar.gz"
url_api = "https://api.github.com/repos/taiki-e/cargo-llvm-cov/releases/assets/547404213"
provenance = "github-attestations"

[tools."aqua:taiki-e/cargo-llvm-cov"."platforms.windows-x64-baseline"]
checksum = "sha256:15eefd5b90fcdd4006b727c6e710d70a61aff509fcd7bb37f9c2a35c4f024948"
url = "https://github.com/taiki-e/cargo-llvm-cov/releases/download/v0.9.1/cargo-llvm-cov-x86_64-pc-windows-msvc.tar.gz"
url_api = "https://api.github.com/repos/taiki-e/cargo-llvm-cov/releases/assets/547404213"
provenance = "github-attestations"

[[tools."aqua:tamasfe/taplo"]]
version = "0.10.0"
backend = "aqua:tamasfe/taplo"
specifiers = ["0.10.0"]

[tools."aqua:tamasfe/taplo"."platforms.linux-arm64"]
url = "https://github.com/tamasfe/taplo/releases/download/0.10.0/taplo-linux-aarch64.gz"
url_api = "https://api.github.com/repos/tamasfe/taplo/releases/assets/257322597"

[tools."aqua:tamasfe/taplo"."platforms.linux-arm64-musl"]
url = "https://github.com/tamasfe/taplo/releases/download/0.10.0/taplo-linux-aarch64.gz"
url_api = "https://api.github.com/repos/tamasfe/taplo/releases/assets/257322597"

[tools."aqua:tamasfe/taplo"."platforms.linux-x64"]
url = "https://github.com/tamasfe/taplo/releases/download/0.10.0/taplo-linux-x86_64.gz"
url_api = "https://api.github.com/repos/tamasfe/taplo/releases/assets/257322600"

[tools."aqua:tamasfe/taplo"."platforms.linux-x64-baseline"]
url = "https://github.com/tamasfe/taplo/releases/download/0.10.0/taplo-linux-x86_64.gz"
url_api = "https://api.github.com/repos/tamasfe/taplo/releases/assets/257322600"

[tools."aqua:tamasfe/taplo"."platforms.linux-x64-musl"]
url = "https://github.com/tamasfe/taplo/releases/download/0.10.0/taplo-linux-x86_64.gz"
url_api = "https://api.github.com/repos/tamasfe/taplo/releases/assets/257322600"

[tools."aqua:tamasfe/taplo"."platforms.linux-x64-musl-baseline"]
url = "https://github.com/tamasfe/taplo/releases/download/0.10.0/taplo-linux-x86_64.gz"
url_api = "https://api.github.com/repos/tamasfe/taplo/releases/assets/257322600"

[tools."aqua:tamasfe/taplo"."platforms.macos-arm64"]
url = "https://github.com/tamasfe/taplo/releases/download/0.10.0/taplo-darwin-aarch64.gz"
url_api = "https://api.github.com/repos/tamasfe/taplo/releases/assets/257323110"

[tools."aqua:tamasfe/taplo"."platforms.windows-arm64"]
url = "https://github.com/tamasfe/taplo/releases/download/0.10.0/taplo-windows-aarch64.zip"
url_api = "https://api.github.com/repos/tamasfe/taplo/releases/assets/257322977"

[tools."aqua:tamasfe/taplo"."platforms.windows-x64"]
url = "https://github.com/tamasfe/taplo/releases/download/0.10.0/taplo-windows-x86_64.zip"
url_api = "https://api.github.com/repos/tamasfe/taplo/releases/assets/257323062"

[tools."aqua:tamasfe/taplo"."platforms.windows-x64-baseline"]
url = "https://github.com/tamasfe/taplo/releases/download/0.10.0/taplo-windows-x86_64.zip"
url_api = "https://api.github.com/repos/tamasfe/taplo/releases/assets/257323062"

[[tools."github:aligned-team/cospec"]]
version = "0.8.2"
backend = "github:aligned-team/cospec"
specifiers = ["0.8.2"]

[tools."github:aligned-team/cospec"."platforms.linux-arm64"]
checksum = "sha256:1c28a151e9955a27076c6def53dfbdca643399ec8f45933f321e8a7fdf127b3b"
url = "https://github.com/aligned-team/cospec/releases/download/v0.8.2/cospec-0.8.2-linux-arm64.tar.gz"
url_api = "https://api.github.com/repos/aligned-team/cospec/releases/assets/584199686"
provenance = "github-attestations"
provenance_verified = true

[tools."github:aligned-team/cospec"."platforms.linux-arm64-musl"]
checksum = "sha256:67b3262251d0e51044ab172cfd00d284c6935cf3a0cf5bf4d0e489e05bab263e"
url = "https://github.com/aligned-team/cospec/releases/download/v0.8.2/cospec-0.8.2-linux-arm64-musl.tar.gz"
url_api = "https://api.github.com/repos/aligned-team/cospec/releases/assets/584199690"
provenance = "github-attestations"

[tools."github:aligned-team/cospec"."platforms.linux-x64"]
checksum = "sha256:ec14d37a5e18b4603d88427e0f892cf8e0ea0787e45ddc64aac636d9fef3e185"
url = "https://github.com/aligned-team/cospec/releases/download/v0.8.2/cospec-0.8.2-linux-x64.tar.gz"
url_api = "https://api.github.com/repos/aligned-team/cospec/releases/assets/584199687"
provenance = "github-attestations"
provenance_verified = true

[tools."github:aligned-team/cospec"."platforms.linux-x64-baseline"]
checksum = "sha256:ec14d37a5e18b4603d88427e0f892cf8e0ea0787e45ddc64aac636d9fef3e185"
url = "https://github.com/aligned-team/cospec/releases/download/v0.8.2/cospec-0.8.2-linux-x64.tar.gz"
url_api = "https://api.github.com/repos/aligned-team/cospec/releases/assets/584199687"
provenance = "github-attestations"

[tools."github:aligned-team/cospec"."platforms.linux-x64-musl"]
checksum = "sha256:9d30b71a35fd9dc1b5bc3b77e422163461f4b9c404948d19da3bb55ada975bb9"
url = "https://github.com/aligned-team/cospec/releases/download/v0.8.2/cospec-0.8.2-linux-x64-musl.tar.gz"
url_api = "https://api.github.com/repos/aligned-team/cospec/releases/assets/584199685"
provenance = "github-attestations"

[tools."github:aligned-team/cospec"."platforms.linux-x64-musl-baseline"]
checksum = "sha256:9d30b71a35fd9dc1b5bc3b77e422163461f4b9c404948d19da3bb55ada975bb9"
url = "https://github.com/aligned-team/cospec/releases/download/v0.8.2/cospec-0.8.2-linux-x64-musl.tar.gz"
url_api = "https://api.github.com/repos/aligned-team/cospec/releases/assets/584199685"
provenance = "github-attestations"

[tools."github:aligned-team/cospec"."platforms.macos-arm64"]
checksum = "sha256:cc1e73d0d5396566cb23c52095ed72378da57090c7532b4871e9d2717d6c907f"
url = "https://github.com/aligned-team/cospec/releases/download/v0.8.2/cospec-0.8.2-macos-arm64.tar.gz"
url_api = "https://api.github.com/repos/aligned-team/cospec/releases/assets/584199684"
provenance = "github-attestations"
provenance_verified = true

[tools."github:aligned-team/cospec"."platforms.windows-x64"]
checksum = "sha256:13e900c386f17a4daa2a3d32e36659d6cdf0a1dbb79fec7bb41f49042d6d3c2f"
url = "https://github.com/aligned-team/cospec/releases/download/v0.8.2/cospec-0.8.2-windows-x64.zip"
url_api = "https://api.github.com/repos/aligned-team/cospec/releases/assets/584199765"
provenance = "github-attestations"
provenance_verified = true

[tools."github:aligned-team/cospec"."platforms.windows-x64-baseline"]
checksum = "sha256:13e900c386f17a4daa2a3d32e36659d6cdf0a1dbb79fec7bb41f49042d6d3c2f"
url = "https://github.com/aligned-team/cospec/releases/download/v0.8.2/cospec-0.8.2-windows-x64.zip"
url_api = "https://api.github.com/repos/aligned-team/cospec/releases/assets/584199765"
provenance = "github-attestations"

[[tools."github:aligned-team/cospec"]]
version = "0.8.2"
backend = "github:aligned-team/cospec"
specifiers = ["0.8.2"]

[tools."github:aligned-team/cospec".options]
asset_pattern = "cospec-*-windows-x64.zip"

[tools."github:aligned-team/cospec"."platforms.windows-arm64"]
checksum = "sha256:13e900c386f17a4daa2a3d32e36659d6cdf0a1dbb79fec7bb41f49042d6d3c2f"
url = "https://github.com/aligned-team/cospec/releases/download/v0.8.2/cospec-0.8.2-windows-x64.zip"
url_api = "https://api.github.com/repos/aligned-team/cospec/releases/assets/584199765"
provenance = "github-attestations"

[[tools.mr-boxington]]
version = "1.18.0"
backend = "packslip:github.com/jdx/mr-boxington"
specifiers = ["1.18.0"]

[tools.mr-boxington."platforms.linux-arm64"]
checksum = "sha256:ab0f4af3e98295bc35f448d453cfe15931bb02342d48163b2ede94583f937cdc"
url = "https://github.com/jdx/mr-boxington/releases/download/v1.18.0/mbx-aarch64-unknown-linux-gnu.tar.gz"
signer = "sigstore-oidc:https://github.com/jdx/mr-boxington/.github/workflows/release.yml"

[tools.mr-boxington."platforms.linux-arm64-musl"]
checksum = "sha256:3df879fdd6ea854b0c06a19eb345e735617fcda50b05814a1eaf4ea211120672"
url = "https://github.com/jdx/mr-boxington/releases/download/v1.18.0/mbx-aarch64-unknown-linux-musl.tar.gz"
signer = "sigstore-oidc:https://github.com/jdx/mr-boxington/.github/workflows/release.yml"

[tools.mr-boxington."platforms.linux-x64"]
checksum = "sha256:92833c87261ea0c65fee52898ea67605b152b516fc0a3d8dee5a276601a8924c"
url = "https://github.com/jdx/mr-boxington/releases/download/v1.18.0/mbx-x86_64-unknown-linux-gnu.tar.gz"
signer = "sigstore-oidc:https://github.com/jdx/mr-boxington/.github/workflows/release.yml"

[tools.mr-boxington."platforms.linux-x64-baseline"]
checksum = "sha256:92833c87261ea0c65fee52898ea67605b152b516fc0a3d8dee5a276601a8924c"
url = "https://github.com/jdx/mr-boxington/releases/download/v1.18.0/mbx-x86_64-unknown-linux-gnu.tar.gz"
signer = "sigstore-oidc:https://github.com/jdx/mr-boxington/.github/workflows/release.yml"

[tools.mr-boxington."platforms.linux-x64-musl"]
checksum = "sha256:ef52bb50f593f749d513d98cb222d72006bfac743d11a5431b4494ed2bb128f3"
url = "https://github.com/jdx/mr-boxington/releases/download/v1.18.0/mbx-x86_64-unknown-linux-musl.tar.gz"
signer = "sigstore-oidc:https://github.com/jdx/mr-boxington/.github/workflows/release.yml"

[tools.mr-boxington."platforms.linux-x64-musl-baseline"]
checksum = "sha256:ef52bb50f593f749d513d98cb222d72006bfac743d11a5431b4494ed2bb128f3"
url = "https://github.com/jdx/mr-boxington/releases/download/v1.18.0/mbx-x86_64-unknown-linux-musl.tar.gz"
signer = "sigstore-oidc:https://github.com/jdx/mr-boxington/.github/workflows/release.yml"

[tools.mr-boxington."platforms.macos-arm64"]
checksum = "sha256:70ab23933b3745205125174120bd930c0116c1ef3ac38786122e5651636b9aea"
url = "https://github.com/jdx/mr-boxington/releases/download/v1.18.0/mbx-aarch64-apple-darwin.tar.gz"
signer = "sigstore-oidc:https://github.com/jdx/mr-boxington/.github/workflows/release.yml"

[tools.mr-boxington."platforms.windows-arm64"]
checksum = "sha256:1208ec2f61af53d76c892c1ad4603294f49e62ad4c50ad1f8401aa5f3567b1b8"
url = "https://github.com/jdx/mr-boxington/releases/download/v1.18.0/mbx-aarch64-pc-windows-msvc.zip"
signer = "sigstore-oidc:https://github.com/jdx/mr-boxington/.github/workflows/release.yml"

[tools.mr-boxington."platforms.windows-x64"]
checksum = "sha256:6f3e761a18946b7d17ab54d4021773144ff7b9203b99b2df1ccddbebed6e1828"
url = "https://github.com/jdx/mr-boxington/releases/download/v1.18.0/mbx-x86_64-pc-windows-msvc.zip"
signer = "sigstore-oidc:https://github.com/jdx/mr-boxington/.github/workflows/release.yml"

[tools.mr-boxington."platforms.windows-x64-baseline"]
checksum = "sha256:6f3e761a18946b7d17ab54d4021773144ff7b9203b99b2df1ccddbebed6e1828"
url = "https://github.com/jdx/mr-boxington/releases/download/v1.18.0/mbx-x86_64-pc-windows-msvc.zip"
signer = "sigstore-oidc:https://github.com/jdx/mr-boxington/.github/workflows/release.yml"

[[tools.rust]]
version = "1.98.1"
backend = "core:rust"
specifiers = ["1.98.1"]
