# @generated - this file is auto-generated by `mise lock` https://mise.jdx.dev/dev-tools/mise-lock.html

lockfile_version = 1

[[tools."aqua:cocogitto/cocogitto"]]
version = "7.0.0"
backend = "aqua:cocogitto/cocogitto"
specifiers = ["7.0.0"]

[tools."aqua:cocogitto/cocogitto"."platforms.linux-arm64"]
checksum = "sha256:379949f50c4f8245ef9532913e83f351c048b55e40ebd52ed8a850642c07a753"
url = "https://github.com/cocogitto/cocogitto/releases/download/7.0.0/cocogitto-7.0.0-aarch64-unknown-linux-gnu.tar.gz"
url_api = "https://api.github.com/repos/cocogitto/cocogitto/releases/assets/366659384"

[tools."aqua:cocogitto/cocogitto"."platforms.linux-x64"]
checksum = "sha256:e03938ff2c4c86d71c00c0f3284dbbe95c5ca76fe34a51f33e945c23010d59bb"
url = "https://github.com/cocogitto/cocogitto/releases/download/7.0.0/cocogitto-7.0.0-x86_64-unknown-linux-musl.tar.gz"
url_api = "https://api.github.com/repos/cocogitto/cocogitto/releases/assets/366659350"

[tools."aqua:cocogitto/cocogitto"."platforms.macos-arm64"]
checksum = "sha256:429303b6d68c6461aa221ab4de82b26d0bbcdee7127947ea9c7c411ab9bc574c"
url = "https://github.com/cocogitto/cocogitto/releases/download/7.0.0/cocogitto-7.0.0-aarch64-apple-darwin.tar.gz"
url_api = "https://api.github.com/repos/cocogitto/cocogitto/releases/assets/366659431"

[tools."aqua:cocogitto/cocogitto"."platforms.macos-x64"]
checksum = "sha256:591dcd462e2e35ecc21caf41a15a65d464b7ce1ce8a5c299fa0d46a7798dddb0"
url = "https://github.com/cocogitto/cocogitto/releases/download/7.0.0/cocogitto-7.0.0-x86_64-apple-darwin.tar.gz"
url_api = "https://api.github.com/repos/cocogitto/cocogitto/releases/assets/366659418"

[[tools."github:jdx/communique"]]
version = "1.3.5"
backend = "github:jdx/communique"
specifiers = ["1.3.5"]

[tools."github:jdx/communique"."platforms.linux-arm64"]
checksum = "sha256:70d3145c3f8d862f7265dde3e5281aea5a256a65c368f76bee042894d3cda860"
url = "https://github.com/jdx/communique/releases/download/v1.3.5/communique-aarch64-unknown-linux-gnu.tar.gz"
url_api = "https://api.github.com/repos/jdx/communique/releases/assets/545773536"
provenance = "github-attestations"

[tools."github:jdx/communique"."platforms.linux-x64"]
checksum = "sha256:a62776e5f464e35784cf1f4b8d26abeb39a31e5a4ba441d6cb529b58b890ffd5"
url = "https://github.com/jdx/communique/releases/download/v1.3.5/communique-x86_64-unknown-linux-gnu.tar.gz"
url_api = "https://api.github.com/repos/jdx/communique/releases/assets/545772974"
provenance = "github-attestations"

[tools."github:jdx/communique"."platforms.macos-arm64"]
checksum = "sha256:be28cda1ca0380ccb64c02f15a0c1f061a28d339d866b8a9873dc2dc532fc665"
url = "https://github.com/jdx/communique/releases/download/v1.3.5/communique-aarch64-apple-darwin.tar.gz"
url_api = "https://api.github.com/repos/jdx/communique/releases/assets/545773848"
provenance = "github-attestations"
provenance_verified = true
