# @generated - this file is auto-generated by `mise lock` https://mise.jdx.dev/dev-tools/mise-lock.html

lockfile_version = 1

[[tools."aqua:cocogitto/cocogitto"]]
version = "7.0.0"
backend = "aqua:cocogitto/cocogitto"
specifiers = ["7.0.0"]

[tools."aqua:cocogitto/cocogitto"."platforms.linux-arm64"]
checksum = "sha256:379949f50c4f8245ef9532913e83f351c048b55e40ebd52ed8a850642c07a753"
url = "https://github.com/cocogitto/cocogitto/releases/download/7.0.0/cocogitto-7.0.0-aarch64-unknown-linux-gnu.tar.gz"
url_api = "https://api.github.com/repos/cocogitto/cocogitto/releases/assets/366659384"

[tools."aqua:cocogitto/cocogitto"."platforms.linux-x64"]
checksum = "sha256:e03938ff2c4c86d71c00c0f3284dbbe95c5ca76fe34a51f33e945c23010d59bb"
url = "https://github.com/cocogitto/cocogitto/releases/download/7.0.0/cocogitto-7.0.0-x86_64-unknown-linux-musl.tar.gz"
url_api = "https://api.github.com/repos/cocogitto/cocogitto/releases/assets/366659350"

[tools."aqua:cocogitto/cocogitto"."platforms.macos-arm64"]
checksum = "sha256:429303b6d68c6461aa221ab4de82b26d0bbcdee7127947ea9c7c411ab9bc574c"
url = "https://github.com/cocogitto/cocogitto/releases/download/7.0.0/cocogitto-7.0.0-aarch64-apple-darwin.tar.gz"
url_api = "https://api.github.com/repos/cocogitto/cocogitto/releases/assets/366659431"

[tools."aqua:cocogitto/cocogitto"."platforms.windows-arm64"]
checksum = "sha256:074f68f05d270da5c0d69d3e234ec362bec4c6e3189c21d1c948d038603655d7"
url = "https://github.com/cocogitto/cocogitto/releases/download/7.0.0/cocogitto-7.0.0-x86_64-pc-windows-msvc.tar.gz"
url_api = "https://api.github.com/repos/cocogitto/cocogitto/releases/assets/366659399"

[tools."aqua:cocogitto/cocogitto"."platforms.windows-x64"]
checksum = "sha256:074f68f05d270da5c0d69d3e234ec362bec4c6e3189c21d1c948d038603655d7"
url = "https://github.com/cocogitto/cocogitto/releases/download/7.0.0/cocogitto-7.0.0-x86_64-pc-windows-msvc.tar.gz"
url_api = "https://api.github.com/repos/cocogitto/cocogitto/releases/assets/366659399"

[[tools."aqua:taiki-e/cargo-llvm-cov"]]
version = "0.9.1"
backend = "aqua:taiki-e/cargo-llvm-cov"
specifiers = ["0.9.1"]

[tools."aqua:taiki-e/cargo-llvm-cov"."platforms.linux-arm64"]
checksum = "sha256:abf5f13c1520f8756d2192bfaaeadb0208f5b7eaa8cadc15bf847befa42b7360"
url = "https://github.com/taiki-e/cargo-llvm-cov/releases/download/v0.9.1/cargo-llvm-cov-aarch64-unknown-linux-gnu.tar.gz"
url_api = "https://api.github.com/repos/taiki-e/cargo-llvm-cov/releases/assets/547403281"
provenance = "github-attestations"

[tools."aqua:taiki-e/cargo-llvm-cov"."platforms.linux-x64"]
checksum = "sha256:b3f68e625481fed9b16444174f3fa5ebcdbde4a1878803a35eabe2dcefcdc41a"
url = "https://github.com/taiki-e/cargo-llvm-cov/releases/download/v0.9.1/cargo-llvm-cov-x86_64-unknown-linux-gnu.tar.gz"
url_api = "https://api.github.com/repos/taiki-e/cargo-llvm-cov/releases/assets/547403171"
provenance = "github-attestations"

[tools."aqua:taiki-e/cargo-llvm-cov"."platforms.macos-arm64"]
checksum = "sha256:7e821a6c90c0884f79f759f5d9be50799ade67bb82515186d922f26032ef43b8"
url = "https://github.com/taiki-e/cargo-llvm-cov/releases/download/v0.9.1/cargo-llvm-cov-aarch64-apple-darwin.tar.gz"
url_api = "https://api.github.com/repos/taiki-e/cargo-llvm-cov/releases/assets/547403359"
provenance = "github-attestations"

[tools."aqua:taiki-e/cargo-llvm-cov"."platforms.windows-arm64"]
checksum = "sha256:15eefd5b90fcdd4006b727c6e710d70a61aff509fcd7bb37f9c2a35c4f024948"
url = "https://github.com/taiki-e/cargo-llvm-cov/releases/download/v0.9.1/cargo-llvm-cov-x86_64-pc-windows-msvc.tar.gz"
url_api = "https://api.github.com/repos/taiki-e/cargo-llvm-cov/releases/assets/547404213"
provenance = "github-attestations"

[tools."aqua:taiki-e/cargo-llvm-cov"."platforms.windows-x64"]
checksum = "sha256:15eefd5b90fcdd4006b727c6e710d70a61aff509fcd7bb37f9c2a35c4f024948"
url = "https://github.com/taiki-e/cargo-llvm-cov/releases/download/v0.9.1/cargo-llvm-cov-x86_64-pc-windows-msvc.tar.gz"
url_api = "https://api.github.com/repos/taiki-e/cargo-llvm-cov/releases/assets/547404213"
provenance = "github-attestations"

[[tools."cargo:cargo-audit"]]
version = "0.22.2"
backend = "cargo:cargo-audit"
specifiers = ["0.22.2"]

[tools."cargo:cargo-audit".options]
default-features = "false"
locked = "true"

[[tools."github:jdx/communique"]]
version = "1.5.0"
backend = "github:jdx/communique"
specifiers = ["1.5.0"]

[tools."github:jdx/communique"."platforms.linux-arm64"]
checksum = "sha256:9453e94e1696f00841872b01af72ae273f0424eef7dd3920009110e7f8019dc6"
url = "https://github.com/jdx/communique/releases/download/v1.5.0/communique-aarch64-unknown-linux-gnu.tar.gz"
url_api = "https://api.github.com/repos/jdx/communique/releases/assets/598681443"
provenance = "github-attestations"

[tools."github:jdx/communique"."platforms.linux-x64"]
checksum = "sha256:81f2be628e15622deabf0cd3cb0cbc65c0d8d692db250075f131405cdb6cfb99"
url = "https://github.com/jdx/communique/releases/download/v1.5.0/communique-x86_64-unknown-linux-gnu.tar.gz"
url_api = "https://api.github.com/repos/jdx/communique/releases/assets/598680106"
provenance = "github-attestations"

[tools."github:jdx/communique"."platforms.macos-arm64"]
checksum = "sha256:7b248134f170843f7b5f681baef45fabbd477b6e02651119f85c5065e521e7f4"
url = "https://github.com/jdx/communique/releases/download/v1.5.0/communique-aarch64-apple-darwin.tar.gz"
url_api = "https://api.github.com/repos/jdx/communique/releases/assets/598718608"
provenance = "github-attestations"

[tools."github:jdx/communique"."platforms.windows-arm64"]
checksum = "sha256:4e9d4d6ccd8b9f968f3588796cf5f1de40ebd0dc6c929ccc51a2964106de5db8"
url = "https://github.com/jdx/communique/releases/download/v1.5.0/communique-aarch64-pc-windows-msvc.zip"
url_api = "https://api.github.com/repos/jdx/communique/releases/assets/598689809"
provenance = "github-attestations"

[tools."github:jdx/communique"."platforms.windows-x64"]
checksum = "sha256:9f7bcadaa535e61e751a578f7f67e88b6005ae5ecd0c11b087ce799255f3d3e5"
url = "https://github.com/jdx/communique/releases/download/v1.5.0/communique-x86_64-pc-windows-msvc.zip"
url_api = "https://api.github.com/repos/jdx/communique/releases/assets/598685949"
provenance = "github-attestations"
